<?xml version="1.0" encoding="utf-8"?>
<Project ToolsVersion="4.0" xmlns="http://schemas.microsoft.com/developer/msbuild/2003">
  <ItemGroup>
    <ClCompile Include="Trade\MsOpenTraderApi.cpp">
      <Filter>Trade</Filter>
    </ClCompile>
    <ClCompile Include="OpenTraderApi.cpp">
      <Filter>源文件</Filter>
    </ClCompile>
    <ClCompile Include="stdafx.cpp">
      <Filter>源文件</Filter>
    </ClCompile>
    <ClCompile Include="http_client.cpp">
      <Filter>源文件</Filter>
    </ClCompile>
  </ItemGroup>
  <ItemGroup>
    <ClInclude Include="Trade\MsOpenTraderApi.h">
      <Filter>Trade</Filter>
    </ClInclude>
    <ClInclude Include="OpenTraderApi.h">
      <Filter>头文件</Filter>
    </ClInclude>
    <ClInclude Include="Resource.h">
      <Filter>头文件</Filter>
    </ClInclude>
    <ClInclude Include="stdafx.h">
      <Filter>头文件</Filter>
    </ClInclude>
    <ClInclude Include="targetver.h">
      <Filter>头文件</Filter>
    </ClInclude>
    <ClInclude Include="http_client.hpp">
      <Filter>源文件</Filter>
    </ClInclude>
  </ItemGroup>
  <ItemGroup>
    <None Include="ReadMe.txt" />
    <None Include="res\OpenTraderApi.rc2">
      <Filter>资源文件</Filter>
    </None>
    <None Include="OpenTraderApi.def">
      <Filter>源文件</Filter>
    </None>
  </ItemGroup>
  <ItemGroup>
    <Filter Include="Trade">
      <UniqueIdentifier>{037473a8-ab81-409e-9dee-570ccf3dc4e6}</UniqueIdentifier>
    </Filter>
    <Filter Include="资源文件">
      <UniqueIdentifier>{ad4cfe4e-37a2-4815-af3f-79ddd46cefc5}</UniqueIdentifier>
    </Filter>
    <Filter Include="头文件">
      <UniqueIdentifier>{9f919b22-2b45-45fe-b309-841452a3a761}</UniqueIdentifier>
    </Filter>
    <Filter Include="源文件">
      <UniqueIdentifier>{c18f7a01-3019-460d-96cc-e018a369eba9}</UniqueIdentifier>
    </Filter>
  </ItemGroup>
  <ItemGroup>
    <ResourceCompile Include="OpenTraderApi.rc">
      <Filter>资源文件</Filter>
    </ResourceCompile>
  </ItemGroup>
</Project>